
Microsoft Visual Studio Solution File, Format Version 12.00
# Visual Studio Version 16
VisualStudioVersion = 16.0.33328.57
MinimumVisualStudioVersion = 10.0.40219.1
Project("{FAE04EC0-301F-11D3-BF4B-00C04F79EFBC}") = "Delegator", "Delegator.csproj", "{FA9A84AF-1685-4C5E-A61D-D355A213D08B}"
EndProject
Global
	GlobalSection(SolutionConfigurationPlatforms) = preSolution
		Debug|Any CPU = Debug|Any CPU
		Release|Any CPU = Release|Any CPU
	EndGlobalSection
	GlobalSection(ProjectConfigurationPlatforms) = postSolution
		{FA9A84AF-1685-4C5E-A61D-D355A213D08B}.Debug|Any CPU.ActiveCfg = Debug|Any CPU
		{FA9A84AF-1685-4C5E-A61D-D355A213D08B}.Debug|Any CPU.Build.0 = Debug|Any CPU
		{FA9A84AF-1685-4C5E-A61D-D355A213D08B}.Release|Any CPU.ActiveCfg = Release|Any CPU
		{FA9A84AF-1685-4C5E-A61D-D355A213D08B}.Release|Any CPU.Build.0 = Release|Any CPU
	EndGlobalSection
	GlobalSection(SolutionProperties) = preSolution
		HideSolutionNode = FALSE
	EndGlobalSection
	GlobalSection(ExtensibilityGlobals) = postSolution
		SolutionGuid = {0AC34E68-A19E-4070-A9E8-4E53FEEF3625}
	EndGlobalSection
EndGlobal
